{
  "nodes": {
    "agenix": {
      "inputs": {
        "darwin": "darwin",
        "home-manager": "home-manager",
        "nixpkgs": [
          "nixpkgs"
        ],
        "systems": "systems"
      },
      "locked": {
        "lastModified": 1762618334,
        "narHash": "sha256-wyT7Pl6tMFbFrs8Lk/TlEs81N6L+VSybPfiIgzU8lbQ=",
        "owner": "ryantm",
        "repo": "agenix",
        "rev": "fcdea223397448d35d9b31f798479227e80183f6",
        "type": "github"
      },
      "original": {
        "owner": "ryantm",
        "repo": "agenix",
        "type": "github"
      }
    },
    "aquamarine": {
      "inputs": {
        "hyprutils": [
          "hyprshell",
          "hyprland",
          "hyprutils"
        ],
        "hyprwayland-scanner": [
          "hyprshell",
          "hyprland",
          "hyprwayland-scanner"
        ],
        "nixpkgs": [
          "hyprshell",
          "hyprland",
          "nixpkgs"
        ],
        "systems": [
          "hyprshell",
          "hyprland",
          "systems"
        ]
      },
      "locked": {
        "lastModified": 1764714051,
        "narHash": "sha256-AjcMlM3UoavFoLzr0YrcvsIxALShjyvwe+o7ikibpCM=",
        "owner": "hyprwm",
        "repo": "aquamarine",
        "rev": "a43bedcceced5c21ad36578ed823e6099af78214",
        "type": "github"
      },
      "original": {
        "owner": "hyprwm",
        "repo": "aquamarine",
        "type": "github"
      }
    },
    "crane": {
      "locked": {
        "lastModified": 1765739568,
        "narHash": "sha256-gQYx35Of4UDKUjAYvmxjUEh/DdszYeTtT6MDin4loGE=",
        "owner": "ipetkov",
        "repo": "crane",
        "rev": "67d2baff0f9f677af35db61b32b5df6863bcc075",
        "type": "github"
      },
      "original": {
        "owner": "ipetkov",
        "repo": "crane",
        "type": "github"
      }
    },
    "darwin": {
      "inputs": {
        "nixpkgs": [
          "agenix",
          "nixpkgs"
        ]
      },
      "locked": {
        "lastModified": 1744478979,
        "narHash": "sha256-dyN+teG9G82G+m+PX/aSAagkC+vUv0SgUw3XkPhQodQ=",
        "owner": "lnl7",
        "repo": "nix-darwin",
        "rev": "43975d782b418ebf4969e9ccba82466728c2851b",
        "type": "github"
      },
      "original": {
        "owner": "lnl7",
        "ref": "master",
        "repo": "nix-darwin",
        "type": "github"
      }
    },
    "disko": {
      "inputs": {
        "nixpkgs": [
          "nixpkgs"
        ]
      },
      "locked": {
        "lastModified": 1766150702,
        "narHash": "sha256-P0kM+5o+DKnB6raXgFEk3azw8Wqg5FL6wyl9jD+G5a4=",
        "owner": "nix-community",
        "repo": "disko",
        "rev": "916506443ecd0d0b4a0f4cf9d40a3c22ce39b378",
        "type": "github"
      },
      "original": {
        "owner": "nix-community",
        "repo": "disko",
        "type": "github"
      }
    },
    "flake-compat": {
      "flake": false,
      "locked": {
        "lastModified": 1761588595,
        "narHash": "sha256-XKUZz9zewJNUj46b4AJdiRZJAvSZ0Dqj2BNfXvFlJC4=",
        "owner": "edolstra",
        "repo": "flake-compat",
        "rev": "f387cd2afec9419c8ee37694406ca490c3f34ee5",
        "type": "github"
      },
      "original": {
        "owner": "edolstra",
        "repo": "flake-compat",
        "type": "github"
      }
    },
    "flake-parts": {
      "inputs": {
        "nixpkgs-lib": [
          "hyprshell",
          "nixpkgs"
        ]
      },
      "locked": {
        "lastModified": 1765495779,
        "narHash": "sha256-MhA7wmo/7uogLxiewwRRmIax70g6q1U/YemqTGoFHlM=",
        "owner": "hercules-ci",
        "repo": "flake-parts",
        "rev": "5635c32d666a59ec9a55cab87e898889869f7b71",
        "type": "github"
      },
      "original": {
        "owner": "hercules-ci",
        "repo": "flake-parts",
        "type": "github"
      }
    },
    "flake-parts_2": {
      "inputs": {
        "nixpkgs-lib": [
          "neovim",
          "nixvim",
          "nixpkgs"
        ]
      },
      "locked": {
        "lastModified": 1765835352,
        "narHash": "sha256-XswHlK/Qtjasvhd1nOa1e8MgZ8GS//jBoTqWtrS1Giw=",
        "owner": "hercules-ci",
        "repo": "flake-parts",
        "rev": "a34fae9c08a15ad73f295041fec82323541400a9",
        "type": "github"
      },
      "original": {
        "owner": "hercules-ci",
        "repo": "flake-parts",
        "type": "github"
      }
    },
    "gitignore": {
      "inputs": {
        "nixpkgs": [
          "hyprshell",
          "hyprland",
          "pre-commit-hooks",
          "nixpkgs"
        ]
      },
      "locked": {
        "lastModified": 1709087332,
        "narHash": "sha256-HG2cCnktfHsKV0s4XW83gU3F57gaTljL9KNSuG6bnQs=",
        "owner": "hercules-ci",
        "repo": "gitignore.nix",
        "rev": "637db329424fd7e46cf4185293b9cc8c88c95394",
        "type": "github"
      },
      "original": {
        "owner": "hercules-ci",
        "repo": "gitignore.nix",
        "type": "github"
      }
    },
    "home-manager": {
      "inputs": {
        "nixpkgs": [
          "agenix",
          "nixpkgs"
        ]
      },
      "locked": {
        "lastModified": 1745494811,
        "narHash": "sha256-YZCh2o9Ua1n9uCvrvi5pRxtuVNml8X2a03qIFfRKpFs=",
        "owner": "nix-community",
        "repo": "home-manager",
        "rev": "abfad3d2958c9e6300a883bd443512c55dfeb1be",
        "type": "github"
      },
      "original": {
        "owner": "nix-community",
        "repo": "home-manager",
        "type": "github"
      }
    },
    "home-manager_2": {
      "inputs": {
        "nixpkgs": [
          "nixpkgs"
        ]
      },
      "locked": {
        "lastModified": 1766682973,
        "narHash": "sha256-GKO35onS711ThCxwWcfuvbIBKXwriahGqs+WZuJ3v9E=",
        "owner": "nix-community",
        "repo": "home-manager",
        "rev": "91cdb0e2d574c64fae80d221f4bf09d5592e9ec2",
        "type": "github"
      },
      "original": {
        "owner": "nix-community",
        "ref": "master",
        "repo": "home-manager",
        "type": "github"
      }
    },
    "home-manager_3": {
      "inputs": {
        "nixpkgs": [
          "hyprshell",
          "nixpkgs"
        ]
      },
      "locked": {
        "lastModified": 1765682243,
        "narHash": "sha256-yeCxFV/905Wr91yKt5zrVvK6O2CVXWRMSrxqlAZnLp0=",
        "owner": "nix-community",
        "repo": "home-manager",
        "rev": "58bf3ecb2d0bba7bdf363fc8a6c4d49b4d509d03",
        "type": "github"
      },
      "original": {
        "owner": "nix-community",
        "repo": "home-manager",
        "type": "github"
      }
    },
    "hyprcursor": {
      "inputs": {
        "hyprlang": [
          "hyprshell",
          "hyprland",
          "hyprlang"
        ],
        "nixpkgs": [
          "hyprshell",
          "hyprland",
          "nixpkgs"
        ],
        "systems": [
          "hyprshell",
          "hyprland",
          "systems"
        ]
      },
      "locked": {
        "lastModified": 1753964049,
        "narHash": "sha256-lIqabfBY7z/OANxHoPeIrDJrFyYy9jAM4GQLzZ2feCM=",
        "owner": "hyprwm",
        "repo": "hyprcursor",
        "rev": "44e91d467bdad8dcf8bbd2ac7cf49972540980a5",
        "type": "github"
      },
      "original": {
        "owner": "hyprwm",
        "repo": "hyprcursor",
        "type": "github"
      }
    },
    "hyprgraphics": {
      "inputs": {
        "hyprutils": [
          "hyprshell",
          "hyprland",
          "hyprutils"
        ],
        "nixpkgs": [
          "hyprshell",
          "hyprland",
          "nixpkgs"
        ],
        "systems": [
          "hyprshell",
          "hyprland",
          "systems"
        ]
      },
      "locked": {
        "lastModified": 1763733840,
        "narHash": "sha256-JnET78yl5RvpGuDQy3rCycOCkiKoLr5DN1fPhRNNMco=",
        "owner": "hyprwm",
        "repo": "hyprgraphics",
        "rev": "8f1bec691b2d198c60cccabca7a94add2df4ed1a",
        "type": "github"
      },
      "original": {
        "owner": "hyprwm",
        "repo": "hyprgraphics",
        "type": "github"
      }
    },
    "hyprland": {
      "inputs": {
        "aquamarine": "aquamarine",
        "hyprcursor": "hyprcursor",
        "hyprgraphics": "hyprgraphics",
        "hyprland-guiutils": "hyprland-guiutils",
        "hyprland-protocols": "hyprland-protocols",
        "hyprlang": "hyprlang",
        "hyprutils": "hyprutils",
        "hyprwayland-scanner": "hyprwayland-scanner",
        "hyprwire": "hyprwire",
        "nixpkgs": "nixpkgs",
        "pre-commit-hooks": "pre-commit-hooks",
        "systems": "systems_2",
        "xdph": "xdph"
      },
      "locked": {
        "lastModified": 1765741609,
        "narHash": "sha256-mBDW/2NPaxXw68ledipQYSL6GGU+/CCsObondH22+no=",
        "owner": "hyprwm",
        "repo": "Hyprland",
        "rev": "7ccc57eb7cacded5e7a8835b705bba48963d3cb3",
        "type": "github"
      },
      "original": {
        "owner": "hyprwm",
        "repo": "Hyprland",
        "type": "github"
      }
    },
    "hyprland-guiutils": {
      "inputs": {
        "aquamarine": [
          "hyprshell",
          "hyprland",
          "aquamarine"
        ],
        "hyprgraphics": [
          "hyprshell",
          "hyprland",
          "hyprgraphics"
        ],
        "hyprlang": [
          "hyprshell",
          "hyprland",
          "hyprlang"
        ],
        "hyprtoolkit": "hyprtoolkit",
        "hyprutils": [
          "hyprshell",
          "hyprland",
          "hyprutils"
        ],
        "hyprwayland-scanner": [
          "hyprshell",
          "hyprland",
          "hyprwayland-scanner"
        ],
        "nixpkgs": [
          "hyprshell",
          "hyprland",
          "nixpkgs"
        ],
        "systems": [
          "hyprshell",
          "hyprland",
          "systems"
        ]
      },
      "locked": {
        "lastModified": 1764812575,
        "narHash": "sha256-1bK1yGgaR82vajUrt6z+BSljQvFn91D74WJ/vJsydtE=",
        "owner": "hyprwm",
        "repo": "hyprland-guiutils",
        "rev": "fd321368a40c782cfa299991e5584ca338e36ebe",
        "type": "github"
      },
      "original": {
        "owner": "hyprwm",
        "repo": "hyprland-guiutils",
        "type": "github"
      }
    },
    "hyprland-protocols": {
      "inputs": {
        "nixpkgs": [
          "hyprshell",
          "hyprland",
          "nixpkgs"
        ],
        "systems": [
          "hyprshell",
          "hyprland",
          "systems"
        ]
      },
      "locked": {
        "lastModified": 1759610243,
        "narHash": "sha256-+KEVnKBe8wz+a6dTLq8YDcF3UrhQElwsYJaVaHXJtoI=",
        "owner": "hyprwm",
        "repo": "hyprland-protocols",
        "rev": "bd153e76f751f150a09328dbdeb5e4fab9d23622",
        "type": "github"
      },
      "original": {
        "owner": "hyprwm",
        "repo": "hyprland-protocols",
        "type": "github"
      }
    },
    "hyprlang": {
      "inputs": {
        "hyprutils": [
          "hyprshell",
          "hyprland",
          "hyprutils"
        ],
        "nixpkgs": [
          "hyprshell",
          "hyprland",
          "nixpkgs"
        ],
        "systems": [
          "hyprshell",
          "hyprland",
          "systems"
        ]
      },
      "locked": {
        "lastModified": 1764612430,
        "narHash": "sha256-54ltTSbI6W+qYGMchAgCR6QnC1kOdKXN6X6pJhOWxFg=",
        "owner": "hyprwm",
        "repo": "hyprlang",
        "rev": "0d00dc118981531aa731150b6ea551ef037acddd",
        "type": "github"
      },
      "original": {
        "owner": "hyprwm",
        "repo": "hyprlang",
        "type": "github"
      }
    },
    "hyprshell": {
      "inputs": {
        "crane": "crane",
        "flake-parts": "flake-parts",
        "home-manager": "home-manager_3",
        "hyprland": "hyprland",
        "nixpkgs": [
          "nixpkgs"
        ]
      },
      "locked": {
        "lastModified": 1766830777,
        "narHash": "sha256-MO3v5YTVRGp0k0WNZSmal2e9Un9EBCsKwl3NL5PyJUI=",
        "owner": "H3rmt",
        "repo": "hyprshell",
        "rev": "6804290fe673aa88e2dc3d07088a2ce5d64a1359",
        "type": "github"
      },
      "original": {
        "owner": "H3rmt",
        "ref": "hyprshell-release",
        "repo": "hyprshell",
        "type": "github"
      }
    },
    "hyprtoolkit": {
      "inputs": {
        "aquamarine": [
          "hyprshell",
          "hyprland",
          "hyprland-guiutils",
          "aquamarine"
        ],
        "hyprgraphics": [
          "hyprshell",
          "hyprland",
          "hyprland-guiutils",
          "hyprgraphics"
        ],
        "hyprlang": [
          "hyprshell",
          "hyprland",
          "hyprland-guiutils",
          "hyprlang"
        ],
        "hyprutils": [
          "hyprshell",
          "hyprland",
          "hyprland-guiutils",
          "hyprutils"
        ],
        "hyprwayland-scanner": [
          "hyprshell",
          "hyprland",
          "hyprland-guiutils",
          "hyprwayland-scanner"
        ],
        "nixpkgs": [
          "hyprshell",
          "hyprland",
          "hyprland-guiutils",
          "nixpkgs"
        ],
        "systems": [
          "hyprshell",
          "hyprland",
          "hyprland-guiutils",
          "systems"
        ]
      },
      "locked": {
        "lastModified": 1764592794,
        "narHash": "sha256-7CcO+wbTJ1L1NBQHierHzheQGPWwkIQug/w+fhTAVuU=",
        "owner": "hyprwm",
        "repo": "hyprtoolkit",
        "rev": "5cfe0743f0e608e1462972303778d8a0859ee63e",
        "type": "github"
      },
      "original": {
        "owner": "hyprwm",
        "repo": "hyprtoolkit",
        "type": "github"
      }
    },
    "hyprutils": {
      "inputs": {
        "nixpkgs": [
          "hyprshell",
          "hyprland",
          "nixpkgs"
        ],
        "systems": [
          "hyprshell",
          "hyprland",
          "systems"
        ]
      },
      "locked": {
        "lastModified": 1764962281,
        "narHash": "sha256-rGbEMhTTyTzw4iyz45lch5kXseqnqcEpmrHdy+zHsfo=",
        "owner": "hyprwm",
        "repo": "hyprutils",
        "rev": "fe686486ac867a1a24f99c753bb40ffed338e4b0",
        "type": "github"
      },
      "original": {
        "owner": "hyprwm",
        "repo": "hyprutils",
        "type": "github"
      }
    },
    "hyprwayland-scanner": {
      "inputs": {
        "nixpkgs": [
          "hyprshell",
          "hyprland",
          "nixpkgs"
        ],
        "systems": [
          "hyprshell",
          "hyprland",
          "systems"
        ]
      },
      "locked": {
        "lastModified": 1763640274,
        "narHash": "sha256-Uan1Nl9i4TF/kyFoHnTq1bd/rsWh4GAK/9/jDqLbY5A=",
        "owner": "hyprwm",
        "repo": "hyprwayland-scanner",
        "rev": "f6cf414ca0e16a4d30198fd670ec86df3c89f671",
        "type": "github"
      },
      "original": {
        "owner": "hyprwm",
        "repo": "hyprwayland-scanner",
        "type": "github"
      }
    },
    "hyprwire": {
      "inputs": {
        "hyprutils": [
          "hyprshell",
          "hyprland",
          "hyprutils"
        ],
        "nixpkgs": [
          "hyprshell",
          "hyprland",
          "nixpkgs"
        ],
        "systems": [
          "hyprshell",
          "hyprland",
          "systems"
        ]
      },
      "locked": {
        "lastModified": 1764872015,
        "narHash": "sha256-INI9AVrQG5nJZFvGPSiUZ9FEUZJLfGdsqjF1QSak7Gc=",
        "owner": "hyprwm",
        "repo": "hyprwire",
        "rev": "7997451dcaab7b9d9d442f18985d514ec5891608",
        "type": "github"
      },
      "original": {
        "owner": "hyprwm",
        "repo": "hyprwire",
        "type": "github"
      }
    },
    "neovim": {
      "inputs": {
        "nixpkgs": "nixpkgs_2",
        "nixvim": "nixvim"
      },
      "locked": {
        "path": "./nvim",
        "type": "path"
      },
      "original": {
        "path": "./nvim",
        "type": "path"
      },
      "parent": []
    },
    "nixpkgs": {
      "locked": {
        "lastModified": 1764950072,
        "narHash": "sha256-BmPWzogsG2GsXZtlT+MTcAWeDK5hkbGRZTeZNW42fwA=",
        "owner": "NixOS",
        "repo": "nixpkgs",
        "rev": "f61125a668a320878494449750330ca58b78c557",
        "type": "github"
      },
      "original": {
        "owner": "NixOS",
        "ref": "nixos-unstable",
        "repo": "nixpkgs",
        "type": "github"
      }
    },
    "nixpkgs_2": {
      "locked": {
        "lastModified": 1766902085,
        "narHash": "sha256-coBu0ONtFzlwwVBzmjacUQwj3G+lybcZ1oeNSQkgC0M=",
        "owner": "nixos",
        "repo": "nixpkgs",
        "rev": "c0b0e0fddf73fd517c3471e546c0df87a42d53f4",
        "type": "github"
      },
      "original": {
        "owner": "nixos",
        "ref": "nixos-unstable",
        "repo": "nixpkgs",
        "type": "github"
      }
    },
    "nixpkgs_3": {
      "locked": {
        "lastModified": 1766651565,
        "narHash": "sha256-QEhk0eXgyIqTpJ/ehZKg9IKS7EtlWxF3N7DXy42zPfU=",
        "owner": "nixos",
        "repo": "nixpkgs",
        "rev": "3e2499d5539c16d0d173ba53552a4ff8547f4539",
        "type": "github"
      },
      "original": {
        "owner": "nixos",
        "ref": "nixos-unstable",
        "repo": "nixpkgs",
        "type": "github"
      }
    },
    "nixvim": {
      "inputs": {
        "flake-parts": "flake-parts_2",
        "nixpkgs": [
          "neovim",
          "nixpkgs"
        ],
        "systems": "systems_3"
      },
      "locked": {
        "lastModified": 1767002962,
        "narHash": "sha256-HGFRwMRUwt56E+SiVX9YQOzpOwHy0/rtEqMoEbkF8Yg=",
        "owner": "nix-community",
        "repo": "nixvim",
        "rev": "63c957603751f0a107c4d9c2cbaff1c8749fc9f1",
        "type": "github"
      },
      "original": {
        "owner": "nix-community",
        "repo": "nixvim",
        "type": "github"
      }
    },
    "pre-commit-hooks": {
      "inputs": {
        "flake-compat": "flake-compat",
        "gitignore": "gitignore",
        "nixpkgs": [
          "hyprshell",
          "hyprland",
          "nixpkgs"
        ]
      },
      "locked": {
        "lastModified": 1765016596,
        "narHash": "sha256-rhSqPNxDVow7OQKi4qS5H8Au0P4S3AYbawBSmJNUtBQ=",
        "owner": "cachix",
        "repo": "git-hooks.nix",
        "rev": "548fc44fca28a5e81c5d6b846e555e6b9c2a5a3c",
        "type": "github"
      },
      "original": {
        "owner": "cachix",
        "repo": "git-hooks.nix",
        "type": "github"
      }
    },
    "root": {
      "inputs": {
        "agenix": "agenix",
        "disko": "disko",
        "home-manager": "home-manager_2",
        "hyprshell": "hyprshell",
        "neovim": "neovim",
        "nixpkgs": "nixpkgs_3",
        "ssh-keys": "ssh-keys",
        "zen-browser": "zen-browser"
      }
    },
    "ssh-keys": {
      "flake": false,
      "locked": {
        "narHash": "sha256-dewKsWNON+7vN3tHk62Ehkoy8HM5WYPW+NzxDWGjJMk=",
        "type": "file",
        "url": "https://github.com/LuukBlankenstijn.keys"
      },
      "original": {
        "type": "file",
        "url": "https://github.com/LuukBlankenstijn.keys"
      }
    },
    "systems": {
      "locked": {
        "lastModified": 1681028828,
        "narHash": "sha256-Vy1rq5AaRuLzOxct8nz4T6wlgyUR7zLU309k9mBC768=",
        "owner": "nix-systems",
        "repo": "default",
        "rev": "da67096a3b9bf56a91d16901293e51ba5b49a27e",
        "type": "github"
      },
      "original": {
        "owner": "nix-systems",
        "repo": "default",
        "type": "github"
      }
    },
    "systems_2": {
      "locked": {
        "lastModified": 1689347949,
        "narHash": "sha256-12tWmuL2zgBgZkdoB6qXZsgJEH9LR3oUgpaQq2RbI80=",
        "owner": "nix-systems",
        "repo": "default-linux",
        "rev": "31732fcf5e8fea42e59c2488ad31a0e651500f68",
        "type": "github"
      },
      "original": {
        "owner": "nix-systems",
        "repo": "default-linux",
        "type": "github"
      }
    },
    "systems_3": {
      "locked": {
        "lastModified": 1681028828,
        "narHash": "sha256-Vy1rq5AaRuLzOxct8nz4T6wlgyUR7zLU309k9mBC768=",
        "owner": "nix-systems",
        "repo": "default",
        "rev": "da67096a3b9bf56a91d16901293e51ba5b49a27e",
        "type": "github"
      },
      "original": {
        "owner": "nix-systems",
        "repo": "default",
        "type": "github"
      }
    },
    "xdph": {
      "inputs": {
        "hyprland-protocols": [
          "hyprshell",
          "hyprland",
          "hyprland-protocols"
        ],
        "hyprlang": [
          "hyprshell",
          "hyprland",
          "hyprlang"
        ],
        "hyprutils": [
          "hyprshell",
          "hyprland",
          "hyprutils"
        ],
        "hyprwayland-scanner": [
          "hyprshell",
          "hyprland",
          "hyprwayland-scanner"
        ],
        "nixpkgs": [
          "hyprshell",
          "hyprland",
          "nixpkgs"
        ],
        "systems": [
          "hyprshell",
          "hyprland",
          "systems"
        ]
      },
      "locked": {
        "lastModified": 1761431178,
        "narHash": "sha256-xzjC1CV3+wpUQKNF+GnadnkeGUCJX+vgaWIZsnz9tzI=",
        "owner": "hyprwm",
        "repo": "xdg-desktop-portal-hyprland",
        "rev": "4b8801228ff958d028f588f0c2b911dbf32297f9",
        "type": "github"
      },
      "original": {
        "owner": "hyprwm",
        "repo": "xdg-desktop-portal-hyprland",
        "type": "github"
      }
    },
    "zen-browser": {
      "inputs": {
        "home-manager": [
          "home-manager"
        ],
        "nixpkgs": [
          "nixpkgs"
        ]
      },
      "locked": {
        "lastModified": 1766697593,
        "narHash": "sha256-mGZBEN67mxeOsBhplBRLm6L+y++8jU46EEUYgemG1aQ=",
        "owner": "0xc000022070",
        "repo": "zen-browser-flake",
        "rev": "98d8f48ba80a4b6e3b56addad850d57132301075",
        "type": "github"
      },
      "original": {
        "owner": "0xc000022070",
        "repo": "zen-browser-flake",
        "type": "github"
      }
    }
  },
  "root": "root",
  "version": 7
}
